buf.build/gen/go/rendaman/personal-schema/connectrpc/go v1.17.0-20241019032331-e69b01308231.1 h1:sPYiAmzS+wnMK+yRGclHLSZIc/9PwrpdNLVd0d1a1dw=
buf.build/gen/go/rendaman/personal-schema/connectrpc/go v1.17.0-20241019032331-e69b01308231.1/go.mod h1:IPkWnuaap3H4iI/Uqir4msIETwPnBkKMptcENIA4Ky8=
buf.build/gen/go/rendaman/personal-schema/protocolbuffers/go v1.35.1-20241019032331-e69b01308231.1 h1:vTh22rGu78vOcCZJzQp6/hJj1UH+zFUMa+Q1urfydQI=
buf.build/gen/go/rendaman/personal-schema/protocolbuffers/go v1.35.1-20241019032331-e69b01308231.1/go.mod h1:6zxqLLwRcDjW1E6upQLMZ092hVWKbvfkYgHlL5rjBOY=
connectrpc.com/connect v1.17.0 h1:W0ZqMhtVzn9Zhn2yATuUokDLO5N+gIuBWMOnsQrfmZk=
connectrpc.com/connect v1.17.0/go.mod h1:0292hj1rnx8oFrStN7cB4jjVBeqs+Yx5yDIC2prWDO8=
github.com/google/go-cmp v0.5.9 h1:O2Tfq5qg4qc4AmwVlvv0oLiVAGB7enBSJ2x2DqQFi38=
github.com/google/go-cmp v0.5.9/go.mod h1:17dUlkBOakJ0+DkrSSNjCkIjxS6bF9zb3elmeNGIjoY=
github.com/google/uuid v1.6.0 h1:NIvaJDMOsjHA8n1jAhLSgzrAzy1Hgr+hNrb57e+94F0=
github.com/google/uuid v1.6.0/go.mod h1:TIyPZe4MgqvfeYDBFedMoGGpEw/LqOeaOT+nhxU+yHo=
golang.org/x/net v0.23.0 h1:7EYJ93RZ9vYSZAIb2x3lnuvqO5zneoD6IvWjuhfxjTs=
golang.org/x/net v0.23.0/go.mod h1:JKghWKKOSdJwpW2GEx0Ja7fmaKnMsbu+MWVZTokSYmg=
golang.org/x/text v0.14.0 h1:ScX5w1eTa3QqT8oi6+ziP7dTV1S2+ALU0bI+0zXKWiQ=
golang.org/x/text v0.14.0/go.mod h1:18ZOQIKpY8NJVqYksKHtTdi31H5itFRjB5/qKTNYzSU=
google.golang.org/protobuf v1.35.1 h1:m3LfL6/Ca+fqnjnlqQXNpFPABW1UD7mjh8KO2mKFytA=
google.golang.org/protobuf v1.35.1/go.mod h1:9fA7Ob0pmnwhb644+1+CVWFRbNajQ6iRojtC/QF5bRE=
